
Microsoft Visual Studio Solution File, Format Version 12.00
# Visual Studio Version 16
VisualStudioVersion = 16.0.31911.196
MinimumVisualStudioVersion = 10.0.40219.1
Project("{FAE04EC0-301F-11D3-BF4B-00C04F79EFBC}") = "Blazor_DataBinding", "Blazor_DataBinding\Blazor_DataBinding.csproj", "{3749D02E-1882-42BC-8908-27E5617D938A}"
EndProject
Global
	GlobalSection(SolutionConfigurationPlatforms) = preSolution
		Debug|Any CPU = Debug|Any CPU
		Release|Any CPU = Release|Any CPU
	EndGlobalSection
	GlobalSection(ProjectConfigurationPlatforms) = postSolution
		{3749D02E-1882-42BC-8908-27E5617D938A}.Debug|Any CPU.ActiveCfg = Debug|Any CPU
		{3749D02E-1882-42BC-8908-27E5617D938A}.Debug|Any CPU.Build.0 = Debug|Any CPU
		{3749D02E-1882-42BC-8908-27E5617D938A}.Release|Any CPU.ActiveCfg = Release|Any CPU
		{3749D02E-1882-42BC-8908-27E5617D938A}.Release|Any CPU.Build.0 = Release|Any CPU
	EndGlobalSection
	GlobalSection(SolutionProperties) = preSolution
		HideSolutionNode = FALSE
	EndGlobalSection
	GlobalSection(ExtensibilityGlobals) = postSolution
		SolutionGuid = {E40FBA19-A088-4902-B0E5-F227620C1057}
	EndGlobalSection
EndGlobal
